// !$*UTF8*$!
{
	archiveVersion = 1;
	classes = {
	};
	objectVersion = 46;
	objects = {

/* Begin PBXBuildFile section */
		06362674A962B0CD971EAD6D /* Pods_Card_Keeper.framework in Frameworks */ = {isa = PBXBuildFile; fileRef = 171DDACC0A38ABE463801937 /* Pods_Card_Keeper.framework */; };
		1E0883581E39A2F40084DABC /* AddCardValidation.swift in Sources */ = {isa = PBXBuildFile; fileRef = 1E0883571E39A2F40084DABC /* AddCardValidation.swift */; };
		310912D97EF65BD997F31885 /* Pods_Card_KeeperUITests.framework in Frameworks */ = {isa = PBXBuildFile; fileRef = 52DB6ADB6B52A7AAF2654FBC /* Pods_Card_KeeperUITests.framework */; };
		88EE4C0015710945D32476BB /* Pods_Card_KeeperTests.framework in Frameworks */ = {isa = PBXBuildFile; fileRef = EF0D43D358E840D713175A2C /* Pods_Card_KeeperTests.framework */; };
		FE12A56B1E59A34C00491ABE /* SelectCardViewController.swift in Sources */ = {isa = PBXBuildFile; fileRef = FE12A56A1E59A34C00491ABE /* SelectCardViewController.swift */; };
		FE12A56D1E59A45A00491ABE /* SegueController.swift in Sources */ = {isa = PBXBuildFile; fileRef = FE12A56C1E59A45A00491ABE /* SegueController.swift */; };
		FE17AE481E517D6600FA3747 /* SettingsView.swift in Sources */ = {isa = PBXBuildFile; fileRef = FE17AE471E517D6600FA3747 /* SettingsView.swift */; };
		FE34FBEF1E2DEE22001E0476 /* AppDelegate.swift in Sources */ = {isa = PBXBuildFile; fileRef = FE34FBEE1E2DEE22001E0476 /* AppDelegate.swift */; };
		FE34FBF11E2DEE22001E0476 /* ViewController.swift in Sources */ = {isa = PBXBuildFile; fileRef = FE34FBF01E2DEE22001E0476 /* ViewController.swift */; };
		FE34FBF41E2DEE22001E0476 /* Main.storyboard in Resources */ = {isa = PBXBuildFile; fileRef = FE34FBF21E2DEE22001E0476 /* Main.storyboard */; };
		FE34FBF71E2DEE22001E0476 /* Card_Keeper.xcdatamodeld in Sources */ = {isa = PBXBuildFile; fileRef = FE34FBF51E2DEE22001E0476 /* Card_Keeper.xcdatamodeld */; };
		FE34FBF91E2DEE22001E0476 /* Assets.xcassets in Resources */ = {isa = PBXBuildFile; fileRef = FE34FBF81E2DEE22001E0476 /* Assets.xcassets */; };
		FE34FBFC1E2DEE22001E0476 /* LaunchScreen.storyboard in Resources */ = {isa = PBXBuildFile; fileRef = FE34FBFA1E2DEE22001E0476 /* LaunchScreen.storyboard */; };
		FE34FC071E2DEE22001E0476 /* Card_KeeperTests.swift in Sources */ = {isa = PBXBuildFile; fileRef = FE34FC061E2DEE22001E0476 /* Card_KeeperTests.swift */; };
		FE34FC121E2DEE22001E0476 /* Card_KeeperUITests.swift in Sources */ = {isa = PBXBuildFile; fileRef = FE34FC111E2DEE22001E0476 /* Card_KeeperUITests.swift */; };
		FE34FC201E2F501C001E0476 /* AddCardVC.swift in Sources */ = {isa = PBXBuildFile; fileRef = FE34FC1F1E2F501C001E0476 /* AddCardVC.swift */; };
		FE34FC221E2F530B001E0476 /* CDhelpers.swift in Sources */ = {isa = PBXBuildFile; fileRef = FE34FC211E2F530B001E0476 /* CDhelpers.swift */; };
		FE6A6E7F1E3C805D0081D52C /* cameraHelper.swift in Sources */ = {isa = PBXBuildFile; fileRef = FE6A6E7E1E3C805D0081D52C /* cameraHelper.swift */; };
		FE71EC381E602AA300D57122 /* UIExtensions.swift in Sources */ = {isa = PBXBuildFile; fileRef = FE71EC371E602AA300D57122 /* UIExtensions.swift */; };
		FE732BC61E5AE62E00AFFE0A /* ContextMaker.m in Sources */ = {isa = PBXBuildFile; fileRef = FE732BB01E5AE62E00AFFE0A /* ContextMaker.m */; };
		FE732BC71E5AE62E00AFFE0A /* Info.plist in Resources */ = {isa = PBXBuildFile; fileRef = FE732BB11E5AE62E00AFFE0A /* Info.plist */; };
		FE732BC81E5AE62E00AFFE0A /* RSCode128Generator.swift in Sources */ = {isa = PBXBuildFile; fileRef = FE732BB31E5AE62E00AFFE0A /* RSCode128Generator.swift */; };
		FE732BC91E5AE62E00AFFE0A /* RSCode39Generator.swift in Sources */ = {isa = PBXBuildFile; fileRef = FE732BB41E5AE62E00AFFE0A /* RSCode39Generator.swift */; };
		FE732BCA1E5AE62E00AFFE0A /* RSCode39Mod43Generator.swift in Sources */ = {isa = PBXBuildFile; fileRef = FE732BB51E5AE62E00AFFE0A /* RSCode39Mod43Generator.swift */; };
		FE732BCB1E5AE62E00AFFE0A /* RSCode93Generator.swift in Sources */ = {isa = PBXBuildFile; fileRef = FE732BB61E5AE62E00AFFE0A /* RSCode93Generator.swift */; };
		FE732BCC1E5AE62E00AFFE0A /* RSCodeDataMatrixGenerator.swift in Sources */ = {isa = PBXBuildFile; fileRef = FE732BB71E5AE62E00AFFE0A /* RSCodeDataMatrixGenerator.swift */; };
		FE732BCD1E5AE62E00AFFE0A /* RSCodeGenerator.swift in Sources */ = {isa = PBXBuildFile; fileRef = FE732BB81E5AE62E00AFFE0A /* RSCodeGenerator.swift */; };
		FE732BCE1E5AE62E00AFFE0A /* RSCodeLayer.swift in Sources */ = {isa = PBXBuildFile; fileRef = FE732BB91E5AE62E00AFFE0A /* RSCodeLayer.swift */; };
		FE732BCF1E5AE62E00AFFE0A /* RSCodeReaderViewController.swift in Sources */ = {isa = PBXBuildFile; fileRef = FE732BBA1E5AE62E00AFFE0A /* RSCodeReaderViewController.swift */; };
		FE732BD01E5AE62E00AFFE0A /* RSCornersLayer.swift in Sources */ = {isa = PBXBuildFile; fileRef = FE732BBB1E5AE62E00AFFE0A /* RSCornersLayer.swift */; };
		FE732BD11E5AE62E00AFFE0A /* RSEANGenerator.swift in Sources */ = {isa = PBXBuildFile; fileRef = FE732BBC1E5AE62E00AFFE0A /* RSEANGenerator.swift */; };
		FE732BD21E5AE62E00AFFE0A /* RSExtendedCode39Generator.swift in Sources */ = {isa = PBXBuildFile; fileRef = FE732BBD1E5AE62E00AFFE0A /* RSExtendedCode39Generator.swift */; };
		FE732BD31E5AE62E00AFFE0A /* RSFocusMarkLayer.swift in Sources */ = {isa = PBXBuildFile; fileRef = FE732BBE1E5AE62E00AFFE0A /* RSFocusMarkLayer.swift */; };
		FE732BD41E5AE62E00AFFE0A /* RSITF14Generator.swift in Sources */ = {isa = PBXBuildFile; fileRef = FE732BBF1E5AE62E00AFFE0A /* RSITF14Generator.swift */; };
		FE732BD51E5AE62E00AFFE0A /* RSITFGenerator.swift in Sources */ = {isa = PBXBuildFile; fileRef = FE732BC01E5AE62E00AFFE0A /* RSITFGenerator.swift */; };
		FE732BD61E5AE62E00AFFE0A /* RSUnifiedCodeGenerator.swift in Sources */ = {isa = PBXBuildFile; fileRef = FE732BC11E5AE62E00AFFE0A /* RSUnifiedCodeGenerator.swift */; };
		FE732BD71E5AE62E00AFFE0A /* RSUnifiedCodeValidator.swift in Sources */ = {isa = PBXBuildFile; fileRef = FE732BC21E5AE62E00AFFE0A /* RSUnifiedCodeValidator.swift */; };
		FE732BD81E5AE62E00AFFE0A /* RSUPCEGenerator.swift in Sources */ = {isa = PBXBuildFile; fileRef = FE732BC31E5AE62E00AFFE0A /* RSUPCEGenerator.swift */; };
		FE732BD91E5AE62E00AFFE0A /* StringExtension.swift in Sources */ = {isa = PBXBuildFile; fileRef = FE732BC41E5AE62E00AFFE0A /* StringExtension.swift */; };
		FE732BDA1E5AE62E00AFFE0A /* UIColorExtension.swift in Sources */ = {isa = PBXBuildFile; fileRef = FE732BC51E5AE62E00AFFE0A /* UIColorExtension.swift */; };
		FE7724801E3F017B00FE3ED0 /* EditCard.swift in Sources */ = {isa = PBXBuildFile; fileRef = FE77247F1E3F017B00FE3ED0 /* EditCard.swift */; };
		FE7870EB1E4315BD00D0C2F0 /* KeyboardUtils.swift in Sources */ = {isa = PBXBuildFile; fileRef = FE7870EA1E4315BD00D0C2F0 /* KeyboardUtils.swift */; };
		FE8EC9881E56D9DD00B2B8B0 /* flashOff@3x.png in Resources */ = {isa = PBXBuildFile; fileRef = FE8EC97E1E56D9DD00B2B8B0 /* flashOff@3x.png */; };
		FE8EC9891E56D9DD00B2B8B0 /* flashOn@3x.png in Resources */ = {isa = PBXBuildFile; fileRef = FE8EC97F1E56D9DD00B2B8B0 /* flashOn@3x.png */; };
		FE8EC98A1E56D9DD00B2B8B0 /* info@3x.png in Resources */ = {isa = PBXBuildFile; fileRef = FE8EC9801E56D9DD00B2B8B0 /* info@3x.png */; };
		FE8EC98B1E56D9DD00B2B8B0 /* BarcodeScannerController.swift in Sources */ = {isa = PBXBuildFile; fileRef = FE8EC9821E56D9DD00B2B8B0 /* BarcodeScannerController.swift */; };
		FE8EC98C1E56D9DD00B2B8B0 /* Config.swift in Sources */ = {isa = PBXBuildFile; fileRef = FE8EC9831E56D9DD00B2B8B0 /* Config.swift */; };
		FE8EC98D1E56D9DD00B2B8B0 /* HeaderView.swift in Sources */ = {isa = PBXBuildFile; fileRef = FE8EC9841E56D9DD00B2B8B0 /* HeaderView.swift */; };
		FE8EC98E1E56D9DD00B2B8B0 /* InfoView.swift in Sources */ = {isa = PBXBuildFile; fileRef = FE8EC9851E56D9DD00B2B8B0 /* InfoView.swift */; };
		FE8EC98F1E56D9DD00B2B8B0 /* State.swift in Sources */ = {isa = PBXBuildFile; fileRef = FE8EC9861E56D9DD00B2B8B0 /* State.swift */; };
		FE8EC9901E56D9DD00B2B8B0 /* TorchMode.swift in Sources */ = {isa = PBXBuildFile; fileRef = FE8EC9871E56D9DD00B2B8B0 /* TorchMode.swift */; };
		FE926F171E5ADC2300B34995 /* eanbwrp72tt.ttf in Resources */ = {isa = PBXBuildFile; fileRef = FE926F161E5ADC0300B34995 /* eanbwrp72tt.ttf */; };
		FEF558291E31F4AB00C254F0 /* Utils.swift in Sources */ = {isa = PBXBuildFile; fileRef = FEF558281E31F4AB00C254F0 /* Utils.swift */; };
		FEF5582B1E3347F800C254F0 /* Providers.swift in Sources */ = {isa = PBXBuildFile; fileRef = FEF5582A1E3347F800C254F0 /* Providers.swift */; };
/* End PBXBuildFile section */

/* Begin PBXContainerItemProxy section */
		FE34FC031E2DEE22001E0476 /* PBXContainerItemProxy */ = {
			isa = PBXContainerItemProxy;
			containerPortal = FE34FBE31E2DEE22001E0476 /* Project object */;
			proxyType = 1;
			remoteGlobalIDString = FE34FBEA1E2DEE22001E0476;
			remoteInfo = "Card Keeper";
		};
		FE34FC0E1E2DEE22001E0476 /* PBXContainerItemProxy */ = {
			isa = PBXContainerItemProxy;
			containerPortal = FE34FBE31E2DEE22001E0476 /* Project object */;
			proxyType = 1;
			remoteGlobalIDString = FE34FBEA1E2DEE22001E0476;
			remoteInfo = "Card Keeper";
		};
/* End PBXContainerItemProxy section */

/* Begin PBXFileReference section */
		0D9AE0AC4D9B61C697C9625D /* Pods-Card Keeper.release.xcconfig */ = {isa = PBXFileReference; includeInIndex = 1; lastKnownFileType = text.xcconfig; name = "Pods-Card Keeper.release.xcconfig"; path = "Pods/Target Support Files/Pods-Card Keeper/Pods-Card Keeper.release.xcconfig"; sourceTree = "<group>"; };
		10C8F7D036A9772E059C5C1F /* Pods-Card KeeperTests.release.xcconfig */ = {isa = PBXFileReference; includeInIndex = 1; lastKnownFileType = text.xcconfig; name = "Pods-Card KeeperTests.release.xcconfig"; path = "Pods/Target Support Files/Pods-Card KeeperTests/Pods-Card KeeperTests.release.xcconfig"; sourceTree = "<group>"; };
		171DDACC0A38ABE463801937 /* Pods_Card_Keeper.framework */ = {isa = PBXFileReference; explicitFileType = wrapper.framework; includeInIndex = 0; path = Pods_Card_Keeper.framework; sourceTree = BUILT_PRODUCTS_DIR; };
		1E0883571E39A2F40084DABC /* AddCardValidation.swift */ = {isa = PBXFileReference; fileEncoding = 4; lastKnownFileType = sourcecode.swift; path = AddCardValidation.swift; sourceTree = "<group>"; };
		2BB9FFDF0B9AAB4CF70B92D4 /* Pods-Card KeeperTests.debug.xcconfig */ = {isa = PBXFileReference; includeInIndex = 1; lastKnownFileType = text.xcconfig; name = "Pods-Card KeeperTests.debug.xcconfig"; path = "Pods/Target Support Files/Pods-Card KeeperTests/Pods-Card KeeperTests.debug.xcconfig"; sourceTree = "<group>"; };
		3F0B0988BBEC57E2585B1E06 /* Pods-Card KeeperUITests.debug.xcconfig */ = {isa = PBXFileReference; includeInIndex = 1; lastKnownFileType = text.xcconfig; name = "Pods-Card KeeperUITests.debug.xcconfig"; path = "Pods/Target Support Files/Pods-Card KeeperUITests/Pods-Card KeeperUITests.debug.xcconfig"; sourceTree = "<group>"; };
		52DB6ADB6B52A7AAF2654FBC /* Pods_Card_KeeperUITests.framework */ = {isa = PBXFileReference; explicitFileType = wrapper.framework; includeInIndex = 0; path = Pods_Card_KeeperUITests.framework; sourceTree = BUILT_PRODUCTS_DIR; };
		B4773CB454F2806ADA5C2078 /* Pods-Card Keeper.debug.xcconfig */ = {isa = PBXFileReference; includeInIndex = 1; lastKnownFileType = text.xcconfig; name = "Pods-Card Keeper.debug.xcconfig"; path = "Pods/Target Support Files/Pods-Card Keeper/Pods-Card Keeper.debug.xcconfig"; sourceTree = "<group>"; };
		DBB9A7A0B3F49E636599178A /* Pods-Card KeeperUITests.release.xcconfig */ = {isa = PBXFileReference; includeInIndex = 1; lastKnownFileType = text.xcconfig; name = "Pods-Card KeeperUITests.release.xcconfig"; path = "Pods/Target Support Files/Pods-Card KeeperUITests/Pods-Card KeeperUITests.release.xcconfig"; sourceTree = "<group>"; };
		EF0D43D358E840D713175A2C /* Pods_Card_KeeperTests.framework */ = {isa = PBXFileReference; explicitFileType = wrapper.framework; includeInIndex = 0; path = Pods_Card_KeeperTests.framework; sourceTree = BUILT_PRODUCTS_DIR; };
		FE12A56A1E59A34C00491ABE /* SelectCardViewController.swift */ = {isa = PBXFileReference; fileEncoding = 4; lastKnownFileType = sourcecode.swift; path = SelectCardViewController.swift; sourceTree = "<group>"; };
		FE12A56C1E59A45A00491ABE /* SegueController.swift */ = {isa = PBXFileReference; fileEncoding = 4; lastKnownFileType = sourcecode.swift; path = SegueController.swift; sourceTree = "<group>"; };
		FE17AE471E517D6600FA3747 /* SettingsView.swift */ = {isa = PBXFileReference; fileEncoding = 4; lastKnownFileType = sourcecode.swift; path = SettingsView.swift; sourceTree = "<group>"; };
		FE34FBEB1E2DEE22001E0476 /* Card Keeper.app */ = {isa = PBXFileReference; explicitFileType = wrapper.application; includeInIndex = 0; path = "Card Keeper.app"; sourceTree = BUILT_PRODUCTS_DIR; };
		FE34FBEE1E2DEE22001E0476 /* AppDelegate.swift */ = {isa = PBXFileReference; lastKnownFileType = sourcecode.swift; path = AppDelegate.swift; sourceTree = "<group>"; };
		FE34FBF01E2DEE22001E0476 /* ViewController.swift */ = {isa = PBXFileReference; lastKnownFileType = sourcecode.swift; path = ViewController.swift; sourceTree = "<group>"; };
		FE34FBF31E2DEE22001E0476 /* Base */ = {isa = PBXFileReference; lastKnownFileType = file.storyboard; name = Base; path = Base.lproj/Main.storyboard; sourceTree = "<group>"; };
		FE34FBF61E2DEE22001E0476 /* Card_Keeper.xcdatamodel */ = {isa = PBXFileReference; lastKnownFileType = wrapper.xcdatamodel; path = Card_Keeper.xcdatamodel; sourceTree = "<group>"; };
		FE34FBF81E2DEE22001E0476 /* Assets.xcassets */ = {isa = PBXFileReference; lastKnownFileType = folder.assetcatalog; path = Assets.xcassets; sourceTree = "<group>"; };
		FE34FBFB1E2DEE22001E0476 /* Base */ = {isa = PBXFileReference; lastKnownFileType = file.storyboard; name = Base; path = Base.lproj/LaunchScreen.storyboard; sourceTree = "<group>"; };
		FE34FBFD1E2DEE22001E0476 /* Info.plist */ = {isa = PBXFileReference; lastKnownFileType = text.plist.xml; path = Info.plist; sourceTree = "<group>"; };
		FE34FC021E2DEE22001E0476 /* Card KeeperTests.xctest */ = {isa = PBXFileReference; explicitFileType = wrapper.cfbundle; includeInIndex = 0; path = "Card KeeperTests.xctest"; sourceTree = BUILT_PRODUCTS_DIR; };
		FE34FC061E2DEE22001E0476 /* Card_KeeperTests.swift */ = {isa = PBXFileReference; lastKnownFileType = sourcecode.swift; path = Card_KeeperTests.swift; sourceTree = "<group>"; };
		FE34FC081E2DEE22001E0476 /* Info.plist */ = {isa = PBXFileReference; lastKnownFileType = text.plist.xml; path = Info.plist; sourceTree = "<group>"; };
		FE34FC0D1E2DEE22001E0476 /* Card KeeperUITests.xctest */ = {isa = PBXFileReference; explicitFileType = wrapper.cfbundle; includeInIndex = 0; path = "Card KeeperUITests.xctest"; sourceTree = BUILT_PRODUCTS_DIR; };
		FE34FC111E2DEE22001E0476 /* Card_KeeperUITests.swift */ = {isa = PBXFileReference; lastKnownFileType = sourcecode.swift; path = Card_KeeperUITests.swift; sourceTree = "<group>"; };
		FE34FC131E2DEE23001E0476 /* Info.plist */ = {isa = PBXFileReference; lastKnownFileType = text.plist.xml; path = Info.plist; sourceTree = "<group>"; };
		FE34FC1F1E2F501C001E0476 /* AddCardVC.swift */ = {isa = PBXFileReference; fileEncoding = 4; lastKnownFileType = sourcecode.swift; path = AddCardVC.swift; sourceTree = "<group>"; };
		FE34FC211E2F530B001E0476 /* CDhelpers.swift */ = {isa = PBXFileReference; fileEncoding = 4; lastKnownFileType = sourcecode.swift; path = CDhelpers.swift; sourceTree = "<group>"; };
		FE6A6E7E1E3C805D0081D52C /* cameraHelper.swift */ = {isa = PBXFileReference; fileEncoding = 4; lastKnownFileType = sourcecode.swift; path = cameraHelper.swift; sourceTree = "<group>"; };
		FE71EC371E602AA300D57122 /* UIExtensions.swift */ = {isa = PBXFileReference; fileEncoding = 4; lastKnownFileType = sourcecode.swift; path = UIExtensions.swift; sourceTree = "<group>"; };
		FE732BAF1E5AE62E00AFFE0A /* ContextMaker.h */ = {isa = PBXFileReference; fileEncoding = 4; lastKnownFileType = sourcecode.c.h; path = ContextMaker.h; sourceTree = "<group>"; };
		FE732BB01E5AE62E00AFFE0A /* ContextMaker.m */ = {isa = PBXFileReference; fileEncoding = 4; lastKnownFileType = sourcecode.c.objc; path = ContextMaker.m; sourceTree = "<group>"; };
		FE732BB11E5AE62E00AFFE0A /* Info.plist */ = {isa = PBXFileReference; fileEncoding = 4; lastKnownFileType = text.plist.xml; path = Info.plist; sourceTree = "<group>"; };
		FE732BB31E5AE62E00AFFE0A /* RSCode128Generator.swift */ = {isa = PBXFileReference; fileEncoding = 4; lastKnownFileType = sourcecode.swift; path = RSCode128Generator.swift; sourceTree = "<group>"; };
		FE732BB41E5AE62E00AFFE0A /* RSCode39Generator.swift */ = {isa = PBXFileReference; fileEncoding = 4; lastKnownFileType = sourcecode.swift; path = RSCode39Generator.swift; sourceTree = "<group>"; };
		FE732BB51E5AE62E00AFFE0A /* RSCode39Mod43Generator.swift */ = {isa = PBXFileReference; fileEncoding = 4; lastKnownFileType = sourcecode.swift; path = RSCode39Mod43Generator.swift; sourceTree = "<group>"; };
		FE732BB61E5AE62E00AFFE0A /* RSCode93Generator.swift */ = {isa = PBXFileReference; fileEncoding = 4; lastKnownFileType = sourcecode.swift; path = RSCode93Generator.swift; sourceTree = "<group>"; };
		FE732BB71E5AE62E00AFFE0A /* RSCodeDataMatrixGenerator.swift */ = {isa = PBXFileReference; fileEncoding = 4; lastKnownFileType = sourcecode.swift; path = RSCodeDataMatrixGenerator.swift; sourceTree = "<group>"; };
		FE732BB81E5AE62E00AFFE0A /* RSCodeGenerator.swift */ = {isa = PBXFileReference; fileEncoding = 4; lastKnownFileType = sourcecode.swift; path = RSCodeGenerator.swift; sourceTree = "<group>"; };
		FE732BB91E5AE62E00AFFE0A /* RSCodeLayer.swift */ = {isa = PBXFileReference; fileEncoding = 4; lastKnownFileType = sourcecode.swift; path = RSCodeLayer.swift; sourceTree = "<group>"; };
		FE732BBA1E5AE62E00AFFE0A /* RSCodeReaderViewController.swift */ = {isa = PBXFileReference; fileEncoding = 4; lastKnownFileType = sourcecode.swift; path = RSCodeReaderViewController.swift; sourceTree = "<group>"; };
		FE732BBB1E5AE62E00AFFE0A /* RSCornersLayer.swift */ = {isa = PBXFileReference; fileEncoding = 4; lastKnownFileType = sourcecode.swift; path = RSCornersLayer.swift; sourceTree = "<group>"; };
		FE732BBC1E5AE62E00AFFE0A /* RSEANGenerator.swift */ = {isa = PBXFileReference; fileEncoding = 4; lastKnownFileType = sourcecode.swift; path = RSEANGenerator.swift; sourceTree = "<group>"; };
		FE732BBD1E5AE62E00AFFE0A /* RSExtendedCode39Generator.swift */ = {isa = PBXFileReference; fileEncoding = 4; lastKnownFileType = sourcecode.swift; path = RSExtendedCode39Generator.swift; sourceTree = "<group>"; };
		FE732BBE1E5AE62E00AFFE0A /* RSFocusMarkLayer.swift */ = {isa = PBXFileReference; fileEncoding = 4; lastKnownFileType = sourcecode.swift; path = RSFocusMarkLayer.swift; sourceTree = "<group>"; };
		FE732BBF1E5AE62E00AFFE0A /* RSITF14Generator.swift */ = {isa = PBXFileReference; fileEncoding = 4; lastKnownFileType = sourcecode.swift; path = RSITF14Generator.swift; sourceTree = "<group>"; };
		FE732BC01E5AE62E00AFFE0A /* RSITFGenerator.swift */ = {isa = PBXFileReference; fileEncoding = 4; lastKnownFileType = sourcecode.swift; path = RSITFGenerator.swift; sourceTree = "<group>"; };
		FE732BC11E5AE62E00AFFE0A /* RSUnifiedCodeGenerator.swift */ = {isa = PBXFileReference; fileEncoding = 4; lastKnownFileType = sourcecode.swift; path = RSUnifiedCodeGenerator.swift; sourceTree = "<group>"; };
		FE732BC21E5AE62E00AFFE0A /* RSUnifiedCodeValidator.swift */ = {isa = PBXFileReference; fileEncoding = 4; lastKnownFileType = sourcecode.swift; path = RSUnifiedCodeValidator.swift; sourceTree = "<group>"; };
		FE732BC31E5AE62E00AFFE0A /* RSUPCEGenerator.swift */ = {isa = PBXFileReference; fileEncoding = 4; lastKnownFileType = sourcecode.swift; path = RSUPCEGenerator.swift; sourceTree = "<group>"; };
		FE732BC41E5AE62E00AFFE0A /* StringExtension.swift */ = {isa = PBXFileReference; fileEncoding = 4; lastKnownFileType = sourcecode.swift; path = StringExtension.swift; sourceTree = "<group>"; };
		FE732BC51E5AE62E00AFFE0A /* UIColorExtension.swift */ = {isa = PBXFileReference; fileEncoding = 4; lastKnownFileType = sourcecode.swift; path = UIColorExtension.swift; sourceTree = "<group>"; };
		FE77247F1E3F017B00FE3ED0 /* EditCard.swift */ = {isa = PBXFileReference; fileEncoding = 4; lastKnownFileType = sourcecode.swift; path = EditCard.swift; sourceTree = "<group>"; };
		FE7870EA1E4315BD00D0C2F0 /* KeyboardUtils.swift */ = {isa = PBXFileReference; fileEncoding = 4; lastKnownFileType = sourcecode.swift; path = KeyboardUtils.swift; sourceTree = "<group>"; };
		FE8EC97E1E56D9DD00B2B8B0 /* flashOff@3x.png */ = {isa = PBXFileReference; lastKnownFileType = image.png; path = "flashOff@3x.png"; sourceTree = "<group>"; };
		FE8EC97F1E56D9DD00B2B8B0 /* flashOn@3x.png */ = {isa = PBXFileReference; lastKnownFileType = image.png; path = "flashOn@3x.png"; sourceTree = "<group>"; };
		FE8EC9801E56D9DD00B2B8B0 /* info@3x.png */ = {isa = PBXFileReference; lastKnownFileType = image.png; path = "info@3x.png"; sourceTree = "<group>"; };
		FE8EC9821E56D9DD00B2B8B0 /* BarcodeScannerController.swift */ = {isa = PBXFileReference; fileEncoding = 4; lastKnownFileType = sourcecode.swift; path = BarcodeScannerController.swift; sourceTree = "<group>"; };
		FE8EC9831E56D9DD00B2B8B0 /* Config.swift */ = {isa = PBXFileReference; fileEncoding = 4; lastKnownFileType = sourcecode.swift; path = Config.swift; sourceTree = "<group>"; };
		FE8EC9841E56D9DD00B2B8B0 /* HeaderView.swift */ = {isa = PBXFileReference; fileEncoding = 4; lastKnownFileType = sourcecode.swift; path = HeaderView.swift; sourceTree = "<group>"; };
		FE8EC9851E56D9DD00B2B8B0 /* InfoView.swift */ = {isa = PBXFileReference; fileEncoding = 4; lastKnownFileType = sourcecode.swift; path = InfoView.swift; sourceTree = "<group>"; };
		FE8EC9861E56D9DD00B2B8B0 /* State.swift */ = {isa = PBXFileReference; fileEncoding = 4; lastKnownFileType = sourcecode.swift; path = State.swift; sourceTree = "<group>"; };
		FE8EC9871E56D9DD00B2B8B0 /* TorchMode.swift */ = {isa = PBXFileReference; fileEncoding = 4; lastKnownFileType = sourcecode.swift; path = TorchMode.swift; sourceTree = "<group>"; };
		FE926F161E5ADC0300B34995 /* eanbwrp72tt.ttf */ = {isa = PBXFileReference; lastKnownFileType = file; path = eanbwrp72tt.ttf; sourceTree = "<group>"; };
		FEF558281E31F4AB00C254F0 /* Utils.swift */ = {isa = PBXFileReference; fileEncoding = 4; lastKnownFileType = sourcecode.swift; path = Utils.swift; sourceTree = "<group>"; };
		FEF5582A1E3347F800C254F0 /* Providers.swift */ = {isa = PBXFileReference; fileEncoding = 4; lastKnownFileType = sourcecode.swift; path = Providers.swift; sourceTree = "<group>"; };
/* End PBXFileReference section */

/* Begin PBXFrameworksBuildPhase section */
		FE34FBE81E2DEE22001E0476 /* Frameworks */ = {
			isa = PBXFrameworksBuildPhase;
			buildActionMask = 2147483647;
			files = (
				06362674A962B0CD971EAD6D /* Pods_Card_Keeper.framework in Frameworks */,
			);
			runOnlyForDeploymentPostprocessing = 0;
		};
		FE34FBFF1E2DEE22001E0476 /* Frameworks */ = {
			isa = PBXFrameworksBuildPhase;
			buildActionMask = 2147483647;
			files = (
				88EE4C0015710945D32476BB /* Pods_Card_KeeperTests.framework in Frameworks */,
			);
			runOnlyForDeploymentPostprocessing = 0;
		};
		FE34FC0A1E2DEE22001E0476 /* Frameworks */ = {
			isa = PBXFrameworksBuildPhase;
			buildActionMask = 2147483647;
			files = (
				310912D97EF65BD997F31885 /* Pods_Card_KeeperUITests.framework in Frameworks */,
			);
			runOnlyForDeploymentPostprocessing = 0;
		};
/* End PBXFrameworksBuildPhase section */

/* Begin PBXGroup section */
		724DD1D657CA0D6F39E79212 /* Pods */ = {
			isa = PBXGroup;
			children = (
				B4773CB454F2806ADA5C2078 /* Pods-Card Keeper.debug.xcconfig */,
				0D9AE0AC4D9B61C697C9625D /* Pods-Card Keeper.release.xcconfig */,
				2BB9FFDF0B9AAB4CF70B92D4 /* Pods-Card KeeperTests.debug.xcconfig */,
				10C8F7D036A9772E059C5C1F /* Pods-Card KeeperTests.release.xcconfig */,
				3F0B0988BBEC57E2585B1E06 /* Pods-Card KeeperUITests.debug.xcconfig */,
				DBB9A7A0B3F49E636599178A /* Pods-Card KeeperUITests.release.xcconfig */,
			);
			name = Pods;
			sourceTree = "<group>";
		};
		FE34FBE21E2DEE22001E0476 = {
			isa = PBXGroup;
			children = (
				FE34FBED1E2DEE22001E0476 /* Card Keeper */,
				FE34FC051E2DEE22001E0476 /* Card KeeperTests */,
				FE34FC101E2DEE22001E0476 /* Card KeeperUITests */,
				FE34FBEC1E2DEE22001E0476 /* Products */,
				FE8EC9681E56D62700B2B8B0 /* Frameworks */,
				724DD1D657CA0D6F39E79212 /* Pods */,
			);
			sourceTree = "<group>";
		};
		FE34FBEC1E2DEE22001E0476 /* Products */ = {
			isa = PBXGroup;
			children = (
				FE34FBEB1E2DEE22001E0476 /* Card Keeper.app */,
				FE34FC021E2DEE22001E0476 /* Card KeeperTests.xctest */,
				FE34FC0D1E2DEE22001E0476 /* Card KeeperUITests.xctest */,
			);
			name = Products;
			sourceTree = "<group>";
		};
		FE34FBED1E2DEE22001E0476 /* Card Keeper */ = {
			isa = PBXGroup;
			children = (
				FE732BAE1E5AE62E00AFFE0A /* Source-generator */,
				FE8EC97D1E56D9DD00B2B8B0 /* Images */,
				FE8EC9811E56D9DD00B2B8B0 /* Sources */,
				FE71EC391E602B1400D57122 /* Utils */,
				FE34FBEE1E2DEE22001E0476 /* AppDelegate.swift */,
				FE34FBF01E2DEE22001E0476 /* ViewController.swift */,
				FE34FBF21E2DEE22001E0476 /* Main.storyboard */,
				FE12A56A1E59A34C00491ABE /* SelectCardViewController.swift */,
				FE17AE471E517D6600FA3747 /* SettingsView.swift */,
				FE77247F1E3F017B00FE3ED0 /* EditCard.swift */,
				1E0883571E39A2F40084DABC /* AddCardValidation.swift */,
				FEF5582A1E3347F800C254F0 /* Providers.swift */,
				FE34FC1F1E2F501C001E0476 /* AddCardVC.swift */,
				FE34FBF81E2DEE22001E0476 /* Assets.xcassets */,
				FE34FBFA1E2DEE22001E0476 /* LaunchScreen.storyboard */,
				FE34FBFD1E2DEE22001E0476 /* Info.plist */,
				FE34FBF51E2DEE22001E0476 /* Card_Keeper.xcdatamodeld */,
			);
			path = "Card Keeper";
			sourceTree = "<group>";
		};
		FE34FC051E2DEE22001E0476 /* Card KeeperTests */ = {
			isa = PBXGroup;
			children = (
				FE34FC061E2DEE22001E0476 /* Card_KeeperTests.swift */,
				FE34FC081E2DEE22001E0476 /* Info.plist */,
			);
			path = "Card KeeperTests";
			sourceTree = "<group>";
		};
		FE34FC101E2DEE22001E0476 /* Card KeeperUITests */ = {
			isa = PBXGroup;
			children = (
				FE34FC111E2DEE22001E0476 /* Card_KeeperUITests.swift */,
				FE34FC131E2DEE23001E0476 /* Info.plist */,
			);
			path = "Card KeeperUITests";
			sourceTree = "<group>";
		};
		FE71EC391E602B1400D57122 /* Utils */ = {
			isa = PBXGroup;
			children = (
				FEF558281E31F4AB00C254F0 /* Utils.swift */,
				FE71EC371E602AA300D57122 /* UIExtensions.swift */,
				FE7870EA1E4315BD00D0C2F0 /* KeyboardUtils.swift */,
				FE12A56C1E59A45A00491ABE /* SegueController.swift */,
				FE34FC211E2F530B001E0476 /* CDhelpers.swift */,
				FE6A6E7E1E3C805D0081D52C /* cameraHelper.swift */,
			);
			name = Utils;
			sourceTree = "<group>";
		};
		FE732BAE1E5AE62E00AFFE0A /* Source-generator */ = {
			isa = PBXGroup;
			children = (
				FE732BAF1E5AE62E00AFFE0A /* ContextMaker.h */,
				FE732BB01E5AE62E00AFFE0A /* ContextMaker.m */,
				FE732BB11E5AE62E00AFFE0A /* Info.plist */,
				FE732BB31E5AE62E00AFFE0A /* RSCode128Generator.swift */,
				FE732BB41E5AE62E00AFFE0A /* RSCode39Generator.swift */,
				FE732BB51E5AE62E00AFFE0A /* RSCode39Mod43Generator.swift */,
				FE732BB61E5AE62E00AFFE0A /* RSCode93Generator.swift */,
				FE732BB71E5AE62E00AFFE0A /* RSCodeDataMatrixGenerator.swift */,
				FE732BB81E5AE62E00AFFE0A /* RSCodeGenerator.swift */,
				FE732BB91E5AE62E00AFFE0A /* RSCodeLayer.swift */,
				FE732BBA1E5AE62E00AFFE0A /* RSCodeReaderViewController.swift */,
				FE732BBB1E5AE62E00AFFE0A /* RSCornersLayer.swift */,
				FE732BBC1E5AE62E00AFFE0A /* RSEANGenerator.swift */,
				FE732BBD1E5AE62E00AFFE0A /* RSExtendedCode39Generator.swift */,
				FE732BBE1E5AE62E00AFFE0A /* RSFocusMarkLayer.swift */,
				FE732BBF1E5AE62E00AFFE0A /* RSITF14Generator.swift */,
				FE732BC01E5AE62E00AFFE0A /* RSITFGenerator.swift */,
				FE732BC11E5AE62E00AFFE0A /* RSUnifiedCodeGenerator.swift */,
				FE732BC21E5AE62E00AFFE0A /* RSUnifiedCodeValidator.swift */,
				FE732BC31E5AE62E00AFFE0A /* RSUPCEGenerator.swift */,
				FE732BC41E5AE62E00AFFE0A /* StringExtension.swift */,
				FE732BC51E5AE62E00AFFE0A /* UIColorExtension.swift */,
			);
			path = "Source-generator";
			sourceTree = "<group>";
		};
		FE8EC9681E56D62700B2B8B0 /* Frameworks */ = {
			isa = PBXGroup;
			children = (
				171DDACC0A38ABE463801937 /* Pods_Card_Keeper.framework */,
				EF0D43D358E840D713175A2C /* Pods_Card_KeeperTests.framework */,
				52DB6ADB6B52A7AAF2654FBC /* Pods_Card_KeeperUITests.framework */,
			);
			name = Frameworks;
			sourceTree = "<group>";
		};
		FE8EC97D1E56D9DD00B2B8B0 /* Images */ = {
			isa = PBXGroup;
			children = (
				FE8EC97E1E56D9DD00B2B8B0 /* flashOff@3x.png */,
				FE8EC97F1E56D9DD00B2B8B0 /* flashOn@3x.png */,
				FE8EC9801E56D9DD00B2B8B0 /* info@3x.png */,
			);
			path = Images;
			sourceTree = "<group>";
		};
		FE8EC9811E56D9DD00B2B8B0 /* Sources */ = {
			isa = PBXGroup;
			children = (
				FE926F161E5ADC0300B34995 /* eanbwrp72tt.ttf */,
				FE8EC9821E56D9DD00B2B8B0 /* BarcodeScannerController.swift */,
				FE8EC9831E56D9DD00B2B8B0 /* Config.swift */,
				FE8EC9841E56D9DD00B2B8B0 /* HeaderView.swift */,
				FE8EC9851E56D9DD00B2B8B0 /* InfoView.swift */,
				FE8EC9861E56D9DD00B2B8B0 /* State.swift */,
				FE8EC9871E56D9DD00B2B8B0 /* TorchMode.swift */,
			);
			path = Sources;
			sourceTree = "<group>";
		};
/* End PBXGroup section */

/* Begin PBXNativeTarget section */
		FE34FBEA1E2DEE22001E0476 /* Card Keeper */ = {
			isa = PBXNativeTarget;
			buildConfigurationList = FE34FC161E2DEE23001E0476 /* Build configuration list for PBXNativeTarget "Card Keeper" */;
			buildPhases = (
				D805C4EED4605B5A5E5AA5B7 /* [CP] Check Pods Manifest.lock */,
				FE34FBE71E2DEE22001E0476 /* Sources */,
				FE34FBE81E2DEE22001E0476 /* Frameworks */,
				FE34FBE91E2DEE22001E0476 /* Resources */,
				9B1CBDB7AEDAFB573D14121B /* [CP] Embed Pods Frameworks */,
				F25D96324D131F52E7EEA865 /* [CP] Copy Pods Resources */,
			);
			buildRules = (
			);
			dependencies = (
			);
			name = "Card Keeper";
			productName = "Card Keeper";
			productReference = FE34FBEB1E2DEE22001E0476 /* Card Keeper.app */;
			productType = "com.apple.product-type.application";
		};
		FE34FC011E2DEE22001E0476 /* Card KeeperTests */ = {
			isa = PBXNativeTarget;
			buildConfigurationList = FE34FC191E2DEE23001E0476 /* Build configuration list for PBXNativeTarget "Card KeeperTests" */;
			buildPhases = (
				29D650DB2F6EF36CC56ED1DC /* [CP] Check Pods Manifest.lock */,
				FE34FBFE1E2DEE22001E0476 /* Sources */,
				FE34FBFF1E2DEE22001E0476 /* Frameworks */,
				FE34FC001E2DEE22001E0476 /* Resources */,
				16420767A9C82178B7AA7AAD /* [CP] Embed Pods Frameworks */,
				A049B7088DF65A1CF1085C7A /* [CP] Copy Pods Resources */,
			);
			buildRules = (
			);
			dependencies = (
				FE34FC041E2DEE22001E0476 /* PBXTargetDependency */,
			);
			name = "Card KeeperTests";
			productName = "Card KeeperTests";
			productReference = FE34FC021E2DEE22001E0476 /* Card KeeperTests.xctest */;
			productType = "com.apple.product-type.bundle.unit-test";
		};
		FE34FC0C1E2DEE22001E0476 /* Card KeeperUITests */ = {
			isa = PBXNativeTarget;
			buildConfigurationList = FE34FC1C1E2DEE23001E0476 /* Build configuration list for PBXNativeTarget "Card KeeperUITests" */;
			buildPhases = (
				E2A84C6C46E13CFE4AE24EAA /* [CP] Check Pods Manifest.lock */,
				FE34FC091E2DEE22001E0476 /* Sources */,
				FE34FC0A1E2DEE22001E0476 /* Frameworks */,
				FE34FC0B1E2DEE22001E0476 /* Resources */,
				20B86D7268782852F3425958 /* [CP] Embed Pods Frameworks */,
				295D5D1FD0EC75C59E465553 /* [CP] Copy Pods Resources */,
			);
			buildRules = (
			);
			dependencies = (
				FE34FC0F1E2DEE22001E0476 /* PBXTargetDependency */,
			);
			name = "Card KeeperUITests";
			productName = "Card KeeperUITests";
			productReference = FE34FC0D1E2DEE22001E0476 /* Card KeeperUITests.xctest */;
			productType = "com.apple.product-type.bundle.ui-testing";
		};
/* End PBXNativeTarget section */

/* Begin PBXProject section */
		FE34FBE31E2DEE22001E0476 /* Project object */ = {
			isa = PBXProject;
			attributes = {
				LastSwiftUpdateCheck = 0820;
				LastUpgradeCheck = 0820;
				ORGANIZATIONNAME = "Aliaksei Lyskovich";
				TargetAttributes = {
					FE34FBEA1E2DEE22001E0476 = {
						CreatedOnToolsVersion = 8.2.1;
						DevelopmentTeam = 8C68XCPWDF;
						ProvisioningStyle = Automatic;
					};
					FE34FC011E2DEE22001E0476 = {
						CreatedOnToolsVersion = 8.2.1;
						DevelopmentTeam = 8C68XCPWDF;
						ProvisioningStyle = Automatic;
						TestTargetID = FE34FBEA1E2DEE22001E0476;
					};
					FE34FC0C1E2DEE22001E0476 = {
						CreatedOnToolsVersion = 8.2.1;
						DevelopmentTeam = 8C68XCPWDF;
						ProvisioningStyle = Automatic;
						TestTargetID = FE34FBEA1E2DEE22001E0476;
					};
				};
			};
			buildConfigurationList = FE34FBE61E2DEE22001E0476 /* Build configuration list for PBXProject "Card Keeper" */;
			compatibilityVersion = "Xcode 3.2";
			developmentRegion = English;
			hasScannedForEncodings = 0;
			knownRegions = (
				en,
				Base,
			);
			mainGroup = FE34FBE21E2DEE22001E0476;
			productRefGroup = FE34FBEC1E2DEE22001E0476 /* Products */;
			projectDirPath = "";
			projectRoot = "";
			targets = (
				FE34FBEA1E2DEE22001E0476 /* Card Keeper */,
				FE34FC011E2DEE22001E0476 /* Card KeeperTests */,
				FE34FC0C1E2DEE22001E0476 /* Card KeeperUITests */,
			);
		};
/* End PBXProject section */

/* Begin PBXResourcesBuildPhase section */
		FE34FBE91E2DEE22001E0476 /* Resources */ = {
			isa = PBXResourcesBuildPhase;
			buildActionMask = 2147483647;
			files = (
				FE732BC71E5AE62E00AFFE0A /* Info.plist in Resources */,
				FE34FBFC1E2DEE22001E0476 /* LaunchScreen.storyboard in Resources */,
				FE34FBF91E2DEE22001E0476 /* Assets.xcassets in Resources */,
				FE8EC9891E56D9DD00B2B8B0 /* flashOn@3x.png in Resources */,
				FE8EC98A1E56D9DD00B2B8B0 /* info@3x.png in Resources */,
				FE926F171E5ADC2300B34995 /* eanbwrp72tt.ttf in Resources */,
				FE8EC9881E56D9DD00B2B8B0 /* flashOff@3x.png in Resources */,
				FE34FBF41E2DEE22001E0476 /* Main.storyboard in Resources */,
			);
			runOnlyForDeploymentPostprocessing = 0;
		};
		FE34FC001E2DEE22001E0476 /* Resources */ = {
			isa = PBXResourcesBuildPhase;
			buildActionMask = 2147483647;
			files = (
			);
			runOnlyForDeploymentPostprocessing = 0;
		};
		FE34FC0B1E2DEE22001E0476 /* Resources */ = {
			isa = PBXResourcesBuildPhase;
			buildActionMask = 2147483647;
			files = (
			);
			runOnlyForDeploymentPostprocessing = 0;
		};
/* End PBXResourcesBuildPhase section */

/* Begin PBXShellScriptBuildPhase section */
		16420767A9C82178B7AA7AAD /* [CP] Embed Pods Frameworks */ = {
			isa = PBXShellScriptBuildPhase;
			buildActionMask = 2147483647;
			files = (
			);
			inputPaths = (
			);
			name = "[CP] Embed Pods Frameworks";
			outputPaths = (
			);
			runOnlyForDeploymentPostprocessing = 0;
			shellPath = /bin/sh;
			shellScript = "\"${SRCROOT}/Pods/Target Support Files/Pods-Card KeeperTests/Pods-Card KeeperTests-frameworks.sh\"\n";
			showEnvVarsInLog = 0;
		};
		20B86D7268782852F3425958 /* [CP] Embed Pods Frameworks */ = {
			isa = PBXShellScriptBuildPhase;
			buildActionMask = 2147483647;
			files = (
			);
			inputPaths = (
			);
			name = "[CP] Embed Pods Frameworks";
			outputPaths = (
			);
			runOnlyForDeploymentPostprocessing = 0;
			shellPath = /bin/sh;
			shellScript = "\"${SRCROOT}/Pods/Target Support Files/Pods-Card KeeperUITests/Pods-Card KeeperUITests-frameworks.sh\"\n";
			showEnvVarsInLog = 0;
		};
		295D5D1FD0EC75C59E465553 /* [CP] Copy Pods Resources */ = {
			isa = PBXShellScriptBuildPhase;
			buildActionMask = 2147483647;
			files = (
			);
			inputPaths = (
			);
			name = "[CP] Copy Pods Resources";
			outputPaths = (
			);
			runOnlyForDeploymentPostprocessing = 0;
			shellPath = /bin/sh;
			shellScript = "\"${SRCROOT}/Pods/Target Support Files/Pods-Card KeeperUITests/Pods-Card KeeperUITests-resources.sh\"\n";
			showEnvVarsInLog = 0;
		};
		29D650DB2F6EF36CC56ED1DC /* [CP] Check Pods Manifest.lock */ = {
			isa = PBXShellScriptBuildPhase;
			buildActionMask = 2147483647;
			files = (
			);
			inputPaths = (
			);
			name = "[CP] Check Pods Manifest.lock";
			outputPaths = (
			);
			runOnlyForDeploymentPostprocessing = 0;
			shellPath = /bin/sh;
			shellScript = "diff \"${PODS_ROOT}/../Podfile.lock\" \"${PODS_ROOT}/Manifest.lock\" > /dev/null\nif [ $? != 0 ] ; then\n    # print error to STDERR\n    echo \"error: The sandbox is not in sync with the Podfile.lock. Run 'pod install' or update your CocoaPods installation.\" >&2\n    exit 1\nfi\n";
			showEnvVarsInLog = 0;
		};
		9B1CBDB7AEDAFB573D14121B /* [CP] Embed Pods Frameworks */ = {
			isa = PBXShellScriptBuildPhase;
			buildActionMask = 2147483647;
			files = (
			);
			inputPaths = (
			);
			name = "[CP] Embed Pods Frameworks";
			outputPaths = (
			);
			runOnlyForDeploymentPostprocessing = 0;
			shellPath = /bin/sh;
			shellScript = "\"${SRCROOT}/Pods/Target Support Files/Pods-Card Keeper/Pods-Card Keeper-frameworks.sh\"\n";
			showEnvVarsInLog = 0;
		};
		A049B7088DF65A1CF1085C7A /* [CP] Copy Pods Resources */ = {
			isa = PBXShellScriptBuildPhase;
			buildActionMask = 2147483647;
			files = (
			);
			inputPaths = (
			);
			name = "[CP] Copy Pods Resources";
			outputPaths = (
			);
			runOnlyForDeploymentPostprocessing = 0;
			shellPath = /bin/sh;
			shellScript = "\"${SRCROOT}/Pods/Target Support Files/Pods-Card KeeperTests/Pods-Card KeeperTests-resources.sh\"\n";
			showEnvVarsInLog = 0;
		};
		D805C4EED4605B5A5E5AA5B7 /* [CP] Check Pods Manifest.lock */ = {
			isa = PBXShellScriptBuildPhase;
			buildActionMask = 2147483647;
			files = (
			);
			inputPaths = (
			);
			name = "[CP] Check Pods Manifest.lock";
			outputPaths = (
			);
			runOnlyForDeploymentPostprocessing = 0;
			shellPath = /bin/sh;
			shellScript = "diff \"${PODS_ROOT}/../Podfile.lock\" \"${PODS_ROOT}/Manifest.lock\" > /dev/null\nif [ $? != 0 ] ; then\n    # print error to STDERR\n    echo \"error: The sandbox is not in sync with the Podfile.lock. Run 'pod install' or update your CocoaPods installation.\" >&2\n    exit 1\nfi\n";
			showEnvVarsInLog = 0;
		};
		E2A84C6C46E13CFE4AE24EAA /* [CP] Check Pods Manifest.lock */ = {
			isa = PBXShellScriptBuildPhase;
			buildActionMask = 2147483647;
			files = (
			);
			inputPaths = (
			);
			name = "[CP] Check Pods Manifest.lock";
			outputPaths = (
			);
			runOnlyForDeploymentPostprocessing = 0;
			shellPath = /bin/sh;
			shellScript = "diff \"${PODS_ROOT}/../Podfile.lock\" \"${PODS_ROOT}/Manifest.lock\" > /dev/null\nif [ $? != 0 ] ; then\n    # print error to STDERR\n    echo \"error: The sandbox is not in sync with the Podfile.lock. Run 'pod install' or update your CocoaPods installation.\" >&2\n    exit 1\nfi\n";
			showEnvVarsInLog = 0;
		};
		F25D96324D131F52E7EEA865 /* [CP] Copy Pods Resources */ = {
			isa = PBXShellScriptBuildPhase;
			buildActionMask = 2147483647;
			files = (
			);
			inputPaths = (
			);
			name = "[CP] Copy Pods Resources";
			outputPaths = (
			);
			runOnlyForDeploymentPostprocessing = 0;
			shellPath = /bin/sh;
			shellScript = "\"${SRCROOT}/Pods/Target Support Files/Pods-Card Keeper/Pods-Card Keeper-resources.sh\"\n";
			showEnvVarsInLog = 0;
		};
/* End PBXShellScriptBuildPhase section */

/* Begin PBXSourcesBuildPhase section */
		FE34FBE71E2DEE22001E0476 /* Sources */ = {
			isa = PBXSourcesBuildPhase;
			buildActionMask = 2147483647;
			files = (
				FE8EC98E1E56D9DD00B2B8B0 /* InfoView.swift in Sources */,
				FE732BC91E5AE62E00AFFE0A /* RSCode39Generator.swift in Sources */,
				FE732BC81E5AE62E00AFFE0A /* RSCode128Generator.swift in Sources */,
				FE732BCF1E5AE62E00AFFE0A /* RSCodeReaderViewController.swift in Sources */,
				FE12A56B1E59A34C00491ABE /* SelectCardViewController.swift in Sources */,
				FE8EC98B1E56D9DD00B2B8B0 /* BarcodeScannerController.swift in Sources */,
				FE732BCE1E5AE62E00AFFE0A /* RSCodeLayer.swift in Sources */,
				FE732BCD1E5AE62E00AFFE0A /* RSCodeGenerator.swift in Sources */,
				FE732BCB1E5AE62E00AFFE0A /* RSCode93Generator.swift in Sources */,
				FE732BCC1E5AE62E00AFFE0A /* RSCodeDataMatrixGenerator.swift in Sources */,
				1E0883581E39A2F40084DABC /* AddCardValidation.swift in Sources */,
				FE732BD91E5AE62E00AFFE0A /* StringExtension.swift in Sources */,
				FE732BD51E5AE62E00AFFE0A /* RSITFGenerator.swift in Sources */,
				FE8EC9901E56D9DD00B2B8B0 /* TorchMode.swift in Sources */,
				FE12A56D1E59A45A00491ABE /* SegueController.swift in Sources */,
				FEF5582B1E3347F800C254F0 /* Providers.swift in Sources */,
				FE732BCA1E5AE62E00AFFE0A /* RSCode39Mod43Generator.swift in Sources */,
				FE8EC98C1E56D9DD00B2B8B0 /* Config.swift in Sources */,
				FE34FBF11E2DEE22001E0476 /* ViewController.swift in Sources */,
				FE34FBF71E2DEE22001E0476 /* Card_Keeper.xcdatamodeld in Sources */,
				FE34FC201E2F501C001E0476 /* AddCardVC.swift in Sources */,
				FE34FC221E2F530B001E0476 /* CDhelpers.swift in Sources */,
				FE732BD11E5AE62E00AFFE0A /* RSEANGenerator.swift in Sources */,
				FE732BD71E5AE62E00AFFE0A /* RSUnifiedCodeValidator.swift in Sources */,
				FE34FBEF1E2DEE22001E0476 /* AppDelegate.swift in Sources */,
				FE71EC381E602AA300D57122 /* UIExtensions.swift in Sources */,
				FE732BD01E5AE62E00AFFE0A /* RSCornersLayer.swift in Sources */,
				FE732BD31E5AE62E00AFFE0A /* RSFocusMarkLayer.swift in Sources */,
				FE732BDA1E5AE62E00AFFE0A /* UIColorExtension.swift in Sources */,
				FE7724801E3F017B00FE3ED0 /* EditCard.swift in Sources */,
				FE732BD61E5AE62E00AFFE0A /* RSUnifiedCodeGenerator.swift in Sources */,
				FE732BD41E5AE62E00AFFE0A /* RSITF14Generator.swift in Sources */,
				FE8EC98D1E56D9DD00B2B8B0 /* HeaderView.swift in Sources */,
				FEF558291E31F4AB00C254F0 /* Utils.swift in Sources */,
				FE8EC98F1E56D9DD00B2B8B0 /* State.swift in Sources */,
				FE17AE481E517D6600FA3747 /* SettingsView.swift in Sources */,
				FE6A6E7F1E3C805D0081D52C /* cameraHelper.swift in Sources */,
				FE7870EB1E4315BD00D0C2F0 /* KeyboardUtils.swift in Sources */,
				FE732BD21E5AE62E00AFFE0A /* RSExtendedCode39Generator.swift in Sources */,
				FE732BC61E5AE62E00AFFE0A /* ContextMaker.m in Sources */,
				FE732BD81E5AE62E00AFFE0A /* RSUPCEGenerator.swift in Sources */,
			);
			runOnlyForDeploymentPostprocessing = 0;
		};
		FE34FBFE1E2DEE22001E0476 /* Sources */ = {
			isa = PBXSourcesBuildPhase;
			buildActionMask = 2147483647;
			files = (
				FE34FC071E2DEE22001E0476 /* Card_KeeperTests.swift in Sources */,
			);
			runOnlyForDeploymentPostprocessing = 0;
		};
		FE34FC091E2DEE22001E0476 /* Sources */ = {
			isa = PBXSourcesBuildPhase;
			buildActionMask = 2147483647;
			files = (
				FE34FC121E2DEE22001E0476 /* Card_KeeperUITests.swift in Sources */,
			);
			runOnlyForDeploymentPostprocessing = 0;
		};
/* End PBXSourcesBuildPhase section */

/* Begin PBXTargetDependency section */
		FE34FC041E2DEE22001E0476 /* PBXTargetDependency */ = {
			isa = PBXTargetDependency;
			target = FE34FBEA1E2DEE22001E0476 /* Card Keeper */;
			targetProxy = FE34FC031E2DEE22001E0476 /* PBXContainerItemProxy */;
		};
		FE34FC0F1E2DEE22001E0476 /* PBXTargetDependency */ = {
			isa = PBXTargetDependency;
			target = FE34FBEA1E2DEE22001E0476 /* Card Keeper */;
			targetProxy = FE34FC0E1E2DEE22001E0476 /* PBXContainerItemProxy */;
		};
/* End PBXTargetDependency section */

/* Begin PBXVariantGroup section */
		FE34FBF21E2DEE22001E0476 /* Main.storyboard */ = {
			isa = PBXVariantGroup;
			children = (
				FE34FBF31E2DEE22001E0476 /* Base */,
			);
			name = Main.storyboard;
			sourceTree = "<group>";
		};
		FE34FBFA1E2DEE22001E0476 /* LaunchScreen.storyboard */ = {
			isa = PBXVariantGroup;
			children = (
				FE34FBFB1E2DEE22001E0476 /* Base */,
			);
			name = LaunchScreen.storyboard;
			sourceTree = "<group>";
		};
/* End PBXVariantGroup section */

/* Begin XCBuildConfiguration section */
		FE34FC141E2DEE23001E0476 /* Debug */ = {
			isa = XCBuildConfiguration;
			buildSettings = {
				ALWAYS_SEARCH_USER_PATHS = NO;
				CLANG_ANALYZER_NONNULL = YES;
				CLANG_CXX_LANGUAGE_STANDARD = "gnu++0x";
				CLANG_CXX_LIBRARY = "libc++";
				CLANG_ENABLE_MODULES = YES;
				CLANG_ENABLE_OBJC_ARC = YES;
				CLANG_WARN_BOOL_CONVERSION = YES;
				CLANG_WARN_CONSTANT_CONVERSION = YES;
				CLANG_WARN_DIRECT_OBJC_ISA_USAGE = YES_ERROR;
				CLANG_WARN_DOCUMENTATION_COMMENTS = YES;
				CLANG_WARN_EMPTY_BODY = YES;
				CLANG_WARN_ENUM_CONVERSION = YES;
				CLANG_WARN_INFINITE_RECURSION = YES;
				CLANG_WARN_INT_CONVERSION = YES;
				CLANG_WARN_OBJC_ROOT_CLASS = YES_ERROR;
				CLANG_WARN_SUSPICIOUS_MOVE = YES;
				CLANG_WARN_UNREACHABLE_CODE = YES;
				CLANG_WARN__DUPLICATE_METHOD_MATCH = YES;
				"CODE_SIGN_IDENTITY[sdk=iphoneos*]" = "iPhone Developer";
				COPY_PHASE_STRIP = NO;
				DEBUG_INFORMATION_FORMAT = dwarf;
				ENABLE_STRICT_OBJC_MSGSEND = YES;
				ENABLE_TESTABILITY = YES;
				GCC_C_LANGUAGE_STANDARD = gnu99;
				GCC_DYNAMIC_NO_PIC = NO;
				GCC_NO_COMMON_BLOCKS = YES;
				GCC_OPTIMIZATION_LEVEL = 0;
				GCC_PREPROCESSOR_DEFINITIONS = (
					"DEBUG=1",
					"$(inherited)",
				);
				GCC_WARN_64_TO_32_BIT_CONVERSION = YES;
				GCC_WARN_ABOUT_RETURN_TYPE = YES_ERROR;
				GCC_WARN_UNDECLARED_SELECTOR = YES;
				GCC_WARN_UNINITIALIZED_AUTOS = YES_AGGRESSIVE;
				GCC_WARN_UNUSED_FUNCTION = YES;
				GCC_WARN_UNUSED_VARIABLE = YES;
				IPHONEOS_DEPLOYMENT_TARGET = 10.2;
				MTL_ENABLE_DEBUG_INFO = YES;
				ONLY_ACTIVE_ARCH = YES;
				SDKROOT = iphoneos;
				SWIFT_ACTIVE_COMPILATION_CONDITIONS = DEBUG;
				SWIFT_OBJC_BRIDGING_HEADER = "";
				SWIFT_OPTIMIZATION_LEVEL = "-Onone";
			};
			name = Debug;
		};
		FE34FC151E2DEE23001E0476 /* Release */ = {
			isa = XCBuildConfiguration;
			buildSettings = {
				ALWAYS_SEARCH_USER_PATHS = NO;
				CLANG_ANALYZER_NONNULL = YES;
				CLANG_CXX_LANGUAGE_STANDARD = "gnu++0x";
				CLANG_CXX_LIBRARY = "libc++";
				CLANG_ENABLE_MODULES = YES;
				CLANG_ENABLE_OBJC_ARC = YES;
				CLANG_WARN_BOOL_CONVERSION = YES;
				CLANG_WARN_CONSTANT_CONVERSION = YES;
				CLANG_WARN_DIRECT_OBJC_ISA_USAGE = YES_ERROR;
				CLANG_WARN_DOCUMENTATION_COMMENTS = YES;
				CLANG_WARN_EMPTY_BODY = YES;
				CLANG_WARN_ENUM_CONVERSION = YES;
				CLANG_WARN_INFINITE_RECURSION = YES;
				CLANG_WARN_INT_CONVERSION = YES;
				CLANG_WARN_OBJC_ROOT_CLASS = YES_ERROR;
				CLANG_WARN_SUSPICIOUS_MOVE = YES;
				CLANG_WARN_UNREACHABLE_CODE = YES;
				CLANG_WARN__DUPLICATE_METHOD_MATCH = YES;
				"CODE_SIGN_IDENTITY[sdk=iphoneos*]" = "iPhone Developer";
				COPY_PHASE_STRIP = NO;
				DEBUG_INFORMATION_FORMAT = "dwarf-with-dsym";
				ENABLE_NS_ASSERTIONS = NO;
				ENABLE_STRICT_OBJC_MSGSEND = YES;
				GCC_C_LANGUAGE_STANDARD = gnu99;
				GCC_NO_COMMON_BLOCKS = YES;
				GCC_WARN_64_TO_32_BIT_CONVERSION = YES;
				GCC_WARN_ABOUT_RETURN_TYPE = YES_ERROR;
				GCC_WARN_UNDECLARED_SELECTOR = YES;
				GCC_WARN_UNINITIALIZED_AUTOS = YES_AGGRESSIVE;
				GCC_WARN_UNUSED_FUNCTION = YES;
				GCC_WARN_UNUSED_VARIABLE = YES;
				IPHONEOS_DEPLOYMENT_TARGET = 10.2;
				MTL_ENABLE_DEBUG_INFO = NO;
				SDKROOT = iphoneos;
				SWIFT_OBJC_BRIDGING_HEADER = "";
				"SWIFT_OBJC_BRIDGING_HEADER[arch=*]" = "";
				SWIFT_OPTIMIZATION_LEVEL = "-Owholemodule";
				VALIDATE_PRODUCT = YES;
			};
			name = Release;
		};
		FE34FC171E2DEE23001E0476 /* Debug */ = {
			isa = XCBuildConfiguration;
			baseConfigurationReference = B4773CB454F2806ADA5C2078 /* Pods-Card Keeper.debug.xcconfig */;
			buildSettings = {
				ASSETCATALOG_COMPILER_APPICON_NAME = AppIcon;
				"CODE_SIGN_IDENTITY[sdk=iphoneos*]" = "iPhone Developer";
				DEVELOPMENT_TEAM = 8C68XCPWDF;
				INFOPLIST_FILE = "Card Keeper/Info.plist";
				IPHONEOS_DEPLOYMENT_TARGET = 10.2;
				LD_RUNPATH_SEARCH_PATHS = "$(inherited) @executable_path/Frameworks";
				PRODUCT_BUNDLE_IDENTIFIER = "qatsys.com.Card-Keeper";
				PRODUCT_NAME = "$(TARGET_NAME)";
				SWIFT_OBJC_BRIDGING_HEADER = "Card_Keeper-Bridging-Header.h";
				SWIFT_VERSION = 3.0;
			};
			name = Debug;
		};
		FE34FC181E2DEE23001E0476 /* Release */ = {
			isa = XCBuildConfiguration;
			baseConfigurationReference = 0D9AE0AC4D9B61C697C9625D /* Pods-Card Keeper.release.xcconfig */;
			buildSettings = {
				ASSETCATALOG_COMPILER_APPICON_NAME = AppIcon;
				"CODE_SIGN_IDENTITY[sdk=iphoneos*]" = "iPhone Developer";
				DEVELOPMENT_TEAM = 8C68XCPWDF;
				INFOPLIST_FILE = "Card Keeper/Info.plist";
				IPHONEOS_DEPLOYMENT_TARGET = 10.2;
				LD_RUNPATH_SEARCH_PATHS = "$(inherited) @executable_path/Frameworks";
				PRODUCT_BUNDLE_IDENTIFIER = "qatsys.com.Card-Keeper";
				PRODUCT_NAME = "$(TARGET_NAME)";
				SWIFT_OBJC_BRIDGING_HEADER = "Card_Keeper-Bridging-Header.h";
				SWIFT_VERSION = 3.0;
			};
			name = Release;
		};
		FE34FC1A1E2DEE23001E0476 /* Debug */ = {
			isa = XCBuildConfiguration;
			baseConfigurationReference = 2BB9FFDF0B9AAB4CF70B92D4 /* Pods-Card KeeperTests.debug.xcconfig */;
			buildSettings = {
				ALWAYS_EMBED_SWIFT_STANDARD_LIBRARIES = YES;
				BUNDLE_LOADER = "$(TEST_HOST)";
				DEVELOPMENT_TEAM = 8C68XCPWDF;
				INFOPLIST_FILE = "Card KeeperTests/Info.plist";
				LD_RUNPATH_SEARCH_PATHS = "$(inherited) @executable_path/Frameworks @loader_path/Frameworks";
				PRODUCT_BUNDLE_IDENTIFIER = "qatsys.com.Card-KeeperTests";
				PRODUCT_NAME = "$(TARGET_NAME)";
				SWIFT_VERSION = 3.0;
				TEST_HOST = "$(BUILT_PRODUCTS_DIR)/Card Keeper.app/Card Keeper";
			};
			name = Debug;
		};
		FE34FC1B1E2DEE23001E0476 /* Release */ = {
			isa = XCBuildConfiguration;
			baseConfigurationReference = 10C8F7D036A9772E059C5C1F /* Pods-Card KeeperTests.release.xcconfig */;
			buildSettings = {
				ALWAYS_EMBED_SWIFT_STANDARD_LIBRARIES = YES;
				BUNDLE_LOADER = "$(TEST_HOST)";
				DEVELOPMENT_TEAM = 8C68XCPWDF;
				INFOPLIST_FILE = "Card KeeperTests/Info.plist";
				LD_RUNPATH_SEARCH_PATHS = "$(inherited) @executable_path/Frameworks @loader_path/Frameworks";
				PRODUCT_BUNDLE_IDENTIFIER = "qatsys.com.Card-KeeperTests";
				PRODUCT_NAME = "$(TARGET_NAME)";
				SWIFT_VERSION = 3.0;
				TEST_HOST = "$(BUILT_PRODUCTS_DIR)/Card Keeper.app/Card Keeper";
			};
			name = Release;
		};
		FE34FC1D1E2DEE23001E0476 /* Debug */ = {
			isa = XCBuildConfiguration;
			baseConfigurationReference = 3F0B0988BBEC57E2585B1E06 /* Pods-Card KeeperUITests.debug.xcconfig */;
			buildSettings = {
				ALWAYS_EMBED_SWIFT_STANDARD_LIBRARIES = YES;
				DEVELOPMENT_TEAM = 8C68XCPWDF;
				INFOPLIST_FILE = "Card KeeperUITests/Info.plist";
				LD_RUNPATH_SEARCH_PATHS = "$(inherited) @executable_path/Frameworks @loader_path/Frameworks";
				PRODUCT_BUNDLE_IDENTIFIER = "qatsys.com.Card-KeeperUITests";
				PRODUCT_NAME = "$(TARGET_NAME)";
				SWIFT_VERSION = 3.0;
				TEST_TARGET_NAME = "Card Keeper";
			};
			name = Debug;
		};
		FE34FC1E1E2DEE23001E0476 /* Release */ = {
			isa = XCBuildConfiguration;
			baseConfigurationReference = DBB9A7A0B3F49E636599178A /* Pods-Card KeeperUITests.release.xcconfig */;
			buildSettings = {
				ALWAYS_EMBED_SWIFT_STANDARD_LIBRARIES = YES;
				DEVELOPMENT_TEAM = 8C68XCPWDF;
				INFOPLIST_FILE = "Card KeeperUITests/Info.plist";
				LD_RUNPATH_SEARCH_PATHS = "$(inherited) @executable_path/Frameworks @loader_path/Frameworks";
				PRODUCT_BUNDLE_IDENTIFIER = "qatsys.com.Card-KeeperUITests";
				PRODUCT_NAME = "$(TARGET_NAME)";
				SWIFT_VERSION = 3.0;
				TEST_TARGET_NAME = "Card Keeper";
			};
			name = Release;
		};
/* End XCBuildConfiguration section */

/* Begin XCConfigurationList section */
		FE34FBE61E2DEE22001E0476 /* Build configuration list for PBXProject "Card Keeper" */ = {
			isa = XCConfigurationList;
			buildConfigurations = (
				FE34FC141E2DEE23001E0476 /* Debug */,
				FE34FC151E2DEE23001E0476 /* Release */,
			);
			defaultConfigurationIsVisible = 0;
			defaultConfigurationName = Release;
		};
		FE34FC161E2DEE23001E0476 /* Build configuration list for PBXNativeTarget "Card Keeper" */ = {
			isa = XCConfigurationList;
			buildConfigurations = (
				FE34FC171E2DEE23001E0476 /* Debug */,
				FE34FC181E2DEE23001E0476 /* Release */,
			);
			defaultConfigurationIsVisible = 0;
			defaultConfigurationName = Release;
		};
		FE34FC191E2DEE23001E0476 /* Build configuration list for PBXNativeTarget "Card KeeperTests" */ = {
			isa = XCConfigurationList;
			buildConfigurations = (
				FE34FC1A1E2DEE23001E0476 /* Debug */,
				FE34FC1B1E2DEE23001E0476 /* Release */,
			);
			defaultConfigurationIsVisible = 0;
			defaultConfigurationName = Release;
		};
		FE34FC1C1E2DEE23001E0476 /* Build configuration list for PBXNativeTarget "Card KeeperUITests" */ = {
			isa = XCConfigurationList;
			buildConfigurations = (
				FE34FC1D1E2DEE23001E0476 /* Debug */,
				FE34FC1E1E2DEE23001E0476 /* Release */,
			);
			defaultConfigurationIsVisible = 0;
			defaultConfigurationName = Release;
		};
/* End XCConfigurationList section */

/* Begin XCVersionGroup section */
		FE34FBF51E2DEE22001E0476 /* Card_Keeper.xcdatamodeld */ = {
			isa = XCVersionGroup;
			children = (
				FE34FBF61E2DEE22001E0476 /* Card_Keeper.xcdatamodel */,
			);
			currentVersion = FE34FBF61E2DEE22001E0476 /* Card_Keeper.xcdatamodel */;
			path = Card_Keeper.xcdatamodeld;
			sourceTree = "<group>";
			versionGroupType = wrapper.xcdatamodel;
		};
/* End XCVersionGroup section */
	};
	rootObject = FE34FBE31E2DEE22001E0476 /* Project object */;
}
